// !$*UTF8*$!
{
	archiveVersion = 1;
	classes = {
	};
	objectVersion = 50;
	objects = {

/* Begin PBXBuildFile section */
		8F4093F024D41B5300216829 /* shaderf.fsh in Resources */ = {isa = PBXBuildFile; fileRef = 8F4093EC24D41B5300216829 /* shaderf.fsh */; };
		8F4093F124D41B5300216829 /* GView.m in Sources */ = {isa = PBXBuildFile; fileRef = 8F4093ED24D41B5300216829 /* GView.m */; };
		8F4093F224D41B5300216829 /* shaderv.vsh in Resources */ = {isa = PBXBuildFile; fileRef = 8F4093EF24D41B5300216829 /* shaderv.vsh */; };
		8F5D32B124D3C39B00720642 /* AppDelegate.m in Sources */ = {isa = PBXBuildFile; fileRef = 8F5D32B024D3C39B00720642 /* AppDelegate.m */; };
		8F5D32B424D3C39B00720642 /* SceneDelegate.m in Sources */ = {isa = PBXBuildFile; fileRef = 8F5D32B324D3C39B00720642 /* SceneDelegate.m */; };
		8F5D32B724D3C39B00720642 /* ViewController.m in Sources */ = {isa = PBXBuildFile; fileRef = 8F5D32B624D3C39B00720642 /* ViewController.m */; };
		8F5D32BA24D3C39B00720642 /* Main.storyboard in Resources */ = {isa = PBXBuildFile; fileRef = 8F5D32B824D3C39B00720642 /* Main.storyboard */; };
		8F5D32BC24D3C39C00720642 /* Assets.xcassets in Resources */ = {isa = PBXBuildFile; fileRef = 8F5D32BB24D3C39C00720642 /* Assets.xcassets */; };
		8F5D32BF24D3C39C00720642 /* LaunchScreen.storyboard in Resources */ = {isa = PBXBuildFile; fileRef = 8F5D32BD24D3C39C00720642 /* LaunchScreen.storyboard */; };
		8F5D32C224D3C39C00720642 /* main.m in Sources */ = {isa = PBXBuildFile; fileRef = 8F5D32C124D3C39C00720642 /* main.m */; };
/* End PBXBuildFile section */

/* Begin PBXFileReference section */
		8F4093EC24D41B5300216829 /* shaderf.fsh */ = {isa = PBXFileReference; fileEncoding = 4; lastKnownFileType = sourcecode.glsl; path = shaderf.fsh; sourceTree = "<group>"; };
		8F4093ED24D41B5300216829 /* GView.m */ = {isa = PBXFileReference; fileEncoding = 4; lastKnownFileType = sourcecode.c.objc; path = GView.m; sourceTree = "<group>"; };
		8F4093EE24D41B5300216829 /* GView.h */ = {isa = PBXFileReference; fileEncoding = 4; lastKnownFileType = sourcecode.c.h; path = GView.h; sourceTree = "<group>"; };
		8F4093EF24D41B5300216829 /* shaderv.vsh */ = {isa = PBXFileReference; fileEncoding = 4; lastKnownFileType = sourcecode.glsl; path = shaderv.vsh; sourceTree = "<group>"; };
		8F5D32AC24D3C39B00720642 /* 04_GLSL_修改顶点着色器,纹理坐标.app */ = {isa = PBXFileReference; explicitFileType = wrapper.application; includeInIndex = 0; path = "04_GLSL_修改顶点着色器,纹理坐标.app"; sourceTree = BUILT_PRODUCTS_DIR; };
		8F5D32AF24D3C39B00720642 /* AppDelegate.h */ = {isa = PBXFileReference; lastKnownFileType = sourcecode.c.h; path = AppDelegate.h; sourceTree = "<group>"; };
		8F5D32B024D3C39B00720642 /* AppDelegate.m */ = {isa = PBXFileReference; lastKnownFileType = sourcecode.c.objc; path = AppDelegate.m; sourceTree = "<group>"; };
		8F5D32B224D3C39B00720642 /* SceneDelegate.h */ = {isa = PBXFileReference; lastKnownFileType = sourcecode.c.h; path = SceneDelegate.h; sourceTree = "<group>"; };
		8F5D32B324D3C39B00720642 /* SceneDelegate.m */ = {isa = PBXFileReference; lastKnownFileType = sourcecode.c.objc; path = SceneDelegate.m; sourceTree = "<group>"; };
		8F5D32B524D3C39B00720642 /* ViewController.h */ = {isa = PBXFileReference; lastKnownFileType = sourcecode.c.h; path = ViewController.h; sourceTree = "<group>"; };
		8F5D32B624D3C39B00720642 /* ViewController.m */ = {isa = PBXFileReference; lastKnownFileType = sourcecode.c.objc; path = ViewController.m; sourceTree = "<group>"; };
		8F5D32B924D3C39B00720642 /* Base */ = {isa = PBXFileReference; lastKnownFileType = file.storyboard; name = Base; path = Base.lproj/Main.storyboard; sourceTree = "<group>"; };
		8F5D32BB24D3C39C00720642 /* Assets.xcassets */ = {isa = PBXFileReference; lastKnownFileType = folder.assetcatalog; path = Assets.xcassets; sourceTree = "<group>"; };
		8F5D32BE24D3C39C00720642 /* Base */ = {isa = PBXFileReference; lastKnownFileType = file.storyboard; name = Base; path = Base.lproj/LaunchScreen.storyboard; sourceTree = "<group>"; };
		8F5D32C024D3C39C00720642 /* Info.plist */ = {isa = PBXFileReference; lastKnownFileType = text.plist.xml; path = Info.plist; sourceTree = "<group>"; };
		8F5D32C124D3C39C00720642 /* main.m */ = {isa = PBXFileReference; lastKnownFileType = sourcecode.c.objc; path = main.m; sourceTree = "<group>"; };
/* End PBXFileReference section */

/* Begin PBXFrameworksBuildPhase section */
		8F5D32A924D3C39B00720642 /* Frameworks */ = {
			isa = PBXFrameworksBuildPhase;
			buildActionMask = 2147483647;
			files = (
			);
			runOnlyForDeploymentPostprocessing = 0;
		};
/* End PBXFrameworksBuildPhase section */

/* Begin PBXGroup section */
		8F5D32A324D3C39B00720642 = {
			isa = PBXGroup;
			children = (
				8F5D32AE24D3C39B00720642 /* 04_GLSL_修改顶点着色器,纹理坐标 */,
				8F5D32AD24D3C39B00720642 /* Products */,
			);
			sourceTree = "<group>";
		};
		8F5D32AD24D3C39B00720642 /* Products */ = {
			isa = PBXGroup;
			children = (
				8F5D32AC24D3C39B00720642 /* 04_GLSL_修改顶点着色器,纹理坐标.app */,
			);
			name = Products;
			sourceTree = "<group>";
		};
		8F5D32AE24D3C39B00720642 /* 04_GLSL_修改顶点着色器,纹理坐标 */ = {
			isa = PBXGroup;
			children = (
				8F5D32AF24D3C39B00720642 /* AppDelegate.h */,
				8F5D32B024D3C39B00720642 /* AppDelegate.m */,
				8F5D32B224D3C39B00720642 /* SceneDelegate.h */,
				8F5D32B324D3C39B00720642 /* SceneDelegate.m */,
				8F5D32B524D3C39B00720642 /* ViewController.h */,
				8F5D32B624D3C39B00720642 /* ViewController.m */,
				8F4093EE24D41B5300216829 /* GView.h */,
				8F4093ED24D41B5300216829 /* GView.m */,
				8F4093EC24D41B5300216829 /* shaderf.fsh */,
				8F4093EF24D41B5300216829 /* shaderv.vsh */,
				8F5D32B824D3C39B00720642 /* Main.storyboard */,
				8F5D32BB24D3C39C00720642 /* Assets.xcassets */,
				8F5D32BD24D3C39C00720642 /* LaunchScreen.storyboard */,
				8F5D32C024D3C39C00720642 /* Info.plist */,
				8F5D32C124D3C39C00720642 /* main.m */,
			);
			path = "04_GLSL_修改顶点着色器,纹理坐标";
			sourceTree = "<group>";
		};
/* End PBXGroup section */

/* Begin PBXNativeTarget section */
		8F5D32AB24D3C39B00720642 /* 04_GLSL_修改顶点着色器,纹理坐标 */ = {
			isa = PBXNativeTarget;
			buildConfigurationList = 8F5D32C524D3C39C00720642 /* Build configuration list for PBXNativeTarget "04_GLSL_修改顶点着色器,纹理坐标" */;
			buildPhases = (
				8F5D32A824D3C39B00720642 /* Sources */,
				8F5D32A924D3C39B00720642 /* Frameworks */,
				8F5D32AA24D3C39B00720642 /* Resources */,
			);
			buildRules = (
			);
			dependencies = (
			);
			name = "04_GLSL_修改顶点着色器,纹理坐标";
			productName = "04_GLSL_修改顶点着色器,纹理坐标";
			productReference = 8F5D32AC24D3C39B00720642 /* 04_GLSL_修改顶点着色器,纹理坐标.app */;
			productType = "com.apple.product-type.application";
		};
/* End PBXNativeTarget section */

/* Begin PBXProject section */
		8F5D32A424D3C39B00720642 /* Project object */ = {
			isa = PBXProject;
			attributes = {
				LastUpgradeCheck = 1160;
				ORGANIZATIONNAME = "张喜千";
				TargetAttributes = {
					8F5D32AB24D3C39B00720642 = {
						CreatedOnToolsVersion = 11.6;
					};
				};
			};
			buildConfigurationList = 8F5D32A724D3C39B00720642 /* Build configuration list for PBXProject "04_GLSL_修改顶点着色器,纹理坐标" */;
			compatibilityVersion = "Xcode 9.3";
			developmentRegion = en;
			hasScannedForEncodings = 0;
			knownRegions = (
				en,
				Base,
			);
			mainGroup = 8F5D32A324D3C39B00720642;
			productRefGroup = 8F5D32AD24D3C39B00720642 /* Products */;
			projectDirPath = "";
			projectRoot = "";
			targets = (
				8F5D32AB24D3C39B00720642 /* 04_GLSL_修改顶点着色器,纹理坐标 */,
			);
		};
/* End PBXProject section */

/* Begin PBXResourcesBuildPhase section */
		8F5D32AA24D3C39B00720642 /* Resources */ = {
			isa = PBXResourcesBuildPhase;
			buildActionMask = 2147483647;
			files = (
				8F4093F224D41B5300216829 /* shaderv.vsh in Resources */,
				8F5D32BF24D3C39C00720642 /* LaunchScreen.storyboard in Resources */,
				8F5D32BC24D3C39C00720642 /* Assets.xcassets in Resources */,
				8F5D32BA24D3C39B00720642 /* Main.storyboard in Resources */,
				8F4093F024D41B5300216829 /* shaderf.fsh in Resources */,
			);
			runOnlyForDeploymentPostprocessing = 0;
		};
/* End PBXResourcesBuildPhase section */

/* Begin PBXSourcesBuildPhase section */
		8F5D32A824D3C39B00720642 /* Sources */ = {
			isa = PBXSourcesBuildPhase;
			buildActionMask = 2147483647;
			files = (
				8F5D32B724D3C39B00720642 /* ViewController.m in Sources */,
				8F5D32B124D3C39B00720642 /* AppDelegate.m in Sources */,
				8F5D32C224D3C39C00720642 /* main.m in Sources */,
				8F5D32B424D3C39B00720642 /* SceneDelegate.m in Sources */,
				8F4093F124D41B5300216829 /* GView.m in Sources */,
			);
			runOnlyForDeploymentPostprocessing = 0;
		};
/* End PBXSourcesBuildPhase section */

/* Begin PBXVariantGroup section */
		8F5D32B824D3C39B00720642 /* Main.storyboard */ = {
			isa = PBXVariantGroup;
			children = (
				8F5D32B924D3C39B00720642 /* Base */,
			);
			name = Main.storyboard;
			sourceTree = "<group>";
		};
		8F5D32BD24D3C39C00720642 /* LaunchScreen.storyboard */ = {
			isa = PBXVariantGroup;
			children = (
				8F5D32BE24D3C39C00720642 /* Base */,
			);
			name = LaunchScreen.storyboard;
			sourceTree = "<group>";
		};
/* End PBXVariantGroup section */

/* Begin XCBuildConfiguration section */
		8F5D32C324D3C39C00720642 /* Debug */ = {
			isa = XCBuildConfiguration;
			buildSettings = {
				ALWAYS_SEARCH_USER_PATHS = NO;
				CLANG_ANALYZER_NONNULL = YES;
				CLANG_ANALYZER_NUMBER_OBJECT_CONVERSION = YES_AGGRESSIVE;
				CLANG_CXX_LANGUAGE_STANDARD = "gnu++14";
				CLANG_CXX_LIBRARY = "libc++";
				CLANG_ENABLE_MODULES = YES;
				CLANG_ENABLE_OBJC_ARC = YES;
				CLANG_ENABLE_OBJC_WEAK = YES;
				CLANG_WARN_BLOCK_CAPTURE_AUTORELEASING = YES;
				CLANG_WARN_BOOL_CONVERSION = YES;
				CLANG_WARN_COMMA = YES;
				CLANG_WARN_CONSTANT_CONVERSION = YES;
				CLANG_WARN_DEPRECATED_OBJC_IMPLEMENTATIONS = YES;
				CLANG_WARN_DIRECT_OBJC_ISA_USAGE = YES_ERROR;
				CLANG_WARN_DOCUMENTATION_COMMENTS = YES;
				CLANG_WARN_EMPTY_BODY = YES;
				CLANG_WARN_ENUM_CONVERSION = YES;
				CLANG_WARN_INFINITE_RECURSION = YES;
				CLANG_WARN_INT_CONVERSION = YES;
				CLANG_WARN_NON_LITERAL_NULL_CONVERSION = YES;
				CLANG_WARN_OBJC_IMPLICIT_RETAIN_SELF = YES;
				CLANG_WARN_OBJC_LITERAL_CONVERSION = YES;
				CLANG_WARN_OBJC_ROOT_CLASS = YES_ERROR;
				CLANG_WARN_RANGE_LOOP_ANALYSIS = YES;
				CLANG_WARN_STRICT_PROTOTYPES = YES;
				CLANG_WARN_SUSPICIOUS_MOVE = YES;
				CLANG_WARN_UNGUARDED_AVAILABILITY = YES_AGGRESSIVE;
				CLANG_WARN_UNREACHABLE_CODE = YES;
				CLANG_WARN__DUPLICATE_METHOD_MATCH = YES;
				COPY_PHASE_STRIP = NO;
				DEBUG_INFORMATION_FORMAT = dwarf;
				ENABLE_STRICT_OBJC_MSGSEND = YES;
				ENABLE_TESTABILITY = YES;
				GCC_C_LANGUAGE_STANDARD = gnu11;
				GCC_DYNAMIC_NO_PIC = NO;
				GCC_NO_COMMON_BLOCKS = YES;
				GCC_OPTIMIZATION_LEVEL = 0;
				GCC_PREPROCESSOR_DEFINITIONS = (
					"DEBUG=1",
					"$(inherited)",
				);
				GCC_WARN_64_TO_32_BIT_CONVERSION = YES;
				GCC_WARN_ABOUT_RETURN_TYPE = YES_ERROR;
				GCC_WARN_UNDECLARED_SELECTOR = YES;
				GCC_WARN_UNINITIALIZED_AUTOS = YES_AGGRESSIVE;
				GCC_WARN_UNUSED_FUNCTION = YES;
				GCC_WARN_UNUSED_VARIABLE = YES;
				IPHONEOS_DEPLOYMENT_TARGET = 13.6;
				MTL_ENABLE_DEBUG_INFO = INCLUDE_SOURCE;
				MTL_FAST_MATH = YES;
				ONLY_ACTIVE_ARCH = YES;
				SDKROOT = iphoneos;
			};
			name = Debug;
		};
		8F5D32C424D3C39C00720642 /* Release */ = {
			isa = XCBuildConfiguration;
			buildSettings = {
				ALWAYS_SEARCH_USER_PATHS = NO;
				CLANG_ANALYZER_NONNULL = YES;
				CLANG_ANALYZER_NUMBER_OBJECT_CONVERSION = YES_AGGRESSIVE;
				CLANG_CXX_LANGUAGE_STANDARD = "gnu++14";
				CLANG_CXX_LIBRARY = "libc++";
				CLANG_ENABLE_MODULES = YES;
				CLANG_ENABLE_OBJC_ARC = YES;
				CLANG_ENABLE_OBJC_WEAK = YES;
				CLANG_WARN_BLOCK_CAPTURE_AUTORELEASING = YES;
				CLANG_WARN_BOOL_CONVERSION = YES;
				CLANG_WARN_COMMA = YES;
				CLANG_WARN_CONSTANT_CONVERSION = YES;
				CLANG_WARN_DEPRECATED_OBJC_IMPLEMENTATIONS = YES;
				CLANG_WARN_DIRECT_OBJC_ISA_USAGE = YES_ERROR;
				CLANG_WARN_DOCUMENTATION_COMMENTS = YES;
				CLANG_WARN_EMPTY_BODY = YES;
				CLANG_WARN_ENUM_CONVERSION = YES;
				CLANG_WARN_INFINITE_RECURSION = YES;
				CLANG_WARN_INT_CONVERSION = YES;
				CLANG_WARN_NON_LITERAL_NULL_CONVERSION = YES;
				CLANG_WARN_OBJC_IMPLICIT_RETAIN_SELF = YES;
				CLANG_WARN_OBJC_LITERAL_CONVERSION = YES;
				CLANG_WARN_OBJC_ROOT_CLASS = YES_ERROR;
				CLANG_WARN_RANGE_LOOP_ANALYSIS = YES;
				CLANG_WARN_STRICT_PROTOTYPES = YES;
				CLANG_WARN_SUSPICIOUS_MOVE = YES;
				CLANG_WARN_UNGUARDED_AVAILABILITY = YES_AGGRESSIVE;
				CLANG_WARN_UNREACHABLE_CODE = YES;
				CLANG_WARN__DUPLICATE_METHOD_MATCH = YES;
				COPY_PHASE_STRIP = NO;
				DEBUG_INFORMATION_FORMAT = "dwarf-with-dsym";
				ENABLE_NS_ASSERTIONS = NO;
				ENABLE_STRICT_OBJC_MSGSEND = YES;
				GCC_C_LANGUAGE_STANDARD = gnu11;
				GCC_NO_COMMON_BLOCKS = YES;
				GCC_WARN_64_TO_32_BIT_CONVERSION = YES;
				GCC_WARN_ABOUT_RETURN_TYPE = YES_ERROR;
				GCC_WARN_UNDECLARED_SELECTOR = YES;
				GCC_WARN_UNINITIALIZED_AUTOS = YES_AGGRESSIVE;
				GCC_WARN_UNUSED_FUNCTION = YES;
				GCC_WARN_UNUSED_VARIABLE = YES;
				IPHONEOS_DEPLOYMENT_TARGET = 13.6;
				MTL_ENABLE_DEBUG_INFO = NO;
				MTL_FAST_MATH = YES;
				SDKROOT = iphoneos;
				VALIDATE_PRODUCT = YES;
			};
			name = Release;
		};
		8F5D32C624D3C39C00720642 /* Debug */ = {
			isa = XCBuildConfiguration;
			buildSettings = {
				ASSETCATALOG_COMPILER_APPICON_NAME = AppIcon;
				CODE_SIGN_STYLE = Automatic;
				DEVELOPMENT_TEAM = Y947U2D5E3;
				INFOPLIST_FILE = "04_GLSL_修改顶点着色器,纹理坐标/Info.plist";
				LD_RUNPATH_SEARCH_PATHS = (
					"$(inherited)",
					"@executable_path/Frameworks",
				);
				PRODUCT_BUNDLE_IDENTIFIER = "whmnrc.-4-GLSL-------------";
				PRODUCT_NAME = "$(TARGET_NAME)";
				TARGETED_DEVICE_FAMILY = "1,2";
			};
			name = Debug;
		};
		8F5D32C724D3C39C00720642 /* Release */ = {
			isa = XCBuildConfiguration;
			buildSettings = {
				ASSETCATALOG_COMPILER_APPICON_NAME = AppIcon;
				CODE_SIGN_STYLE = Automatic;
				DEVELOPMENT_TEAM = Y947U2D5E3;
				INFOPLIST_FILE = "04_GLSL_修改顶点着色器,纹理坐标/Info.plist";
				LD_RUNPATH_SEARCH_PATHS = (
					"$(inherited)",
					"@executable_path/Frameworks",
				);
				PRODUCT_BUNDLE_IDENTIFIER = "whmnrc.-4-GLSL-------------";
				PRODUCT_NAME = "$(TARGET_NAME)";
				TARGETED_DEVICE_FAMILY = "1,2";
			};
			name = Release;
		};
/* End XCBuildConfiguration section */

/* Begin XCConfigurationList section */
		8F5D32A724D3C39B00720642 /* Build configuration list for PBXProject "04_GLSL_修改顶点着色器,纹理坐标" */ = {
			isa = XCConfigurationList;
			buildConfigurations = (
				8F5D32C324D3C39C00720642 /* Debug */,
				8F5D32C424D3C39C00720642 /* Release */,
			);
			defaultConfigurationIsVisible = 0;
			defaultConfigurationName = Release;
		};
		8F5D32C524D3C39C00720642 /* Build configuration list for PBXNativeTarget "04_GLSL_修改顶点着色器,纹理坐标" */ = {
			isa = XCConfigurationList;
			buildConfigurations = (
				8F5D32C624D3C39C00720642 /* Debug */,
				8F5D32C724D3C39C00720642 /* Release */,
			);
			defaultConfigurationIsVisible = 0;
			defaultConfigurationName = Release;
		};
/* End XCConfigurationList section */
	};
	rootObject = 8F5D32A424D3C39B00720642 /* Project object */;
}
