// !$*UTF8*$!
{
	archiveVersion = 1;
	classes = {
	};
	objectVersion = 50;
	objects = {

/* Begin PBXBuildFile section */
		8FE6F39D24D9811D00BD9586 /* AppDelegate.m in Sources */ = {isa = PBXBuildFile; fileRef = 8FE6F39C24D9811D00BD9586 /* AppDelegate.m */; };
		8FE6F3A024D9811D00BD9586 /* SceneDelegate.m in Sources */ = {isa = PBXBuildFile; fileRef = 8FE6F39F24D9811D00BD9586 /* SceneDelegate.m */; };
		8FE6F3A324D9811D00BD9586 /* ViewController.m in Sources */ = {isa = PBXBuildFile; fileRef = 8FE6F3A224D9811D00BD9586 /* ViewController.m */; };
		8FE6F3A624D9811D00BD9586 /* Main.storyboard in Resources */ = {isa = PBXBuildFile; fileRef = 8FE6F3A424D9811D00BD9586 /* Main.storyboard */; };
		8FE6F3A824D9812000BD9586 /* Assets.xcassets in Resources */ = {isa = PBXBuildFile; fileRef = 8FE6F3A724D9812000BD9586 /* Assets.xcassets */; };
		8FE6F3AB24D9812000BD9586 /* LaunchScreen.storyboard in Resources */ = {isa = PBXBuildFile; fileRef = 8FE6F3A924D9812000BD9586 /* LaunchScreen.storyboard */; };
		8FE6F3AE24D9812000BD9586 /* main.m in Sources */ = {isa = PBXBuildFile; fileRef = 8FE6F3AD24D9812000BD9586 /* main.m */; };
		8FE6F3DA24D981A300BD9586 /* shaderv.glsl in Resources */ = {isa = PBXBuildFile; fileRef = 8FE6F3D924D981A300BD9586 /* shaderv.glsl */; };
		8FE6F3DC24D981AF00BD9586 /* shaderf.glsl in Resources */ = {isa = PBXBuildFile; fileRef = 8FE6F3DB24D981AF00BD9586 /* shaderf.glsl */; };
		8FE6F3DF24D981C900BD9586 /* GView.m in Sources */ = {isa = PBXBuildFile; fileRef = 8FE6F3DE24D981C900BD9586 /* GView.m */; };
		8FE6F3E724D9853000BD9586 /* GLESUtils.m in Sources */ = {isa = PBXBuildFile; fileRef = 8FE6F3E124D9853000BD9586 /* GLESUtils.m */; };
		8FE6F3E824D9853000BD9586 /* GLESMath.c in Sources */ = {isa = PBXBuildFile; fileRef = 8FE6F3E324D9853000BD9586 /* GLESMath.c */; };
		8FE6F3F324D98FAD00BD9586 /* qinxiaoxian.jpg in Resources */ = {isa = PBXBuildFile; fileRef = 8FE6F3F224D98FAD00BD9586 /* qinxiaoxian.jpg */; };
/* End PBXBuildFile section */

/* Begin PBXFileReference section */
		8FE6F39824D9811D00BD9586 /* 06_GLSL_索引绘图_三角形变换+纹理与颜色混合.app */ = {isa = PBXFileReference; explicitFileType = wrapper.application; includeInIndex = 0; path = "06_GLSL_索引绘图_三角形变换+纹理与颜色混合.app"; sourceTree = BUILT_PRODUCTS_DIR; };
		8FE6F39B24D9811D00BD9586 /* AppDelegate.h */ = {isa = PBXFileReference; lastKnownFileType = sourcecode.c.h; path = AppDelegate.h; sourceTree = "<group>"; };
		8FE6F39C24D9811D00BD9586 /* AppDelegate.m */ = {isa = PBXFileReference; lastKnownFileType = sourcecode.c.objc; path = AppDelegate.m; sourceTree = "<group>"; };
		8FE6F39E24D9811D00BD9586 /* SceneDelegate.h */ = {isa = PBXFileReference; lastKnownFileType = sourcecode.c.h; path = SceneDelegate.h; sourceTree = "<group>"; };
		8FE6F39F24D9811D00BD9586 /* SceneDelegate.m */ = {isa = PBXFileReference; lastKnownFileType = sourcecode.c.objc; path = SceneDelegate.m; sourceTree = "<group>"; };
		8FE6F3A124D9811D00BD9586 /* ViewController.h */ = {isa = PBXFileReference; lastKnownFileType = sourcecode.c.h; path = ViewController.h; sourceTree = "<group>"; };
		8FE6F3A224D9811D00BD9586 /* ViewController.m */ = {isa = PBXFileReference; lastKnownFileType = sourcecode.c.objc; path = ViewController.m; sourceTree = "<group>"; };
		8FE6F3A524D9811D00BD9586 /* Base */ = {isa = PBXFileReference; lastKnownFileType = file.storyboard; name = Base; path = Base.lproj/Main.storyboard; sourceTree = "<group>"; };
		8FE6F3A724D9812000BD9586 /* Assets.xcassets */ = {isa = PBXFileReference; lastKnownFileType = folder.assetcatalog; path = Assets.xcassets; sourceTree = "<group>"; };
		8FE6F3AA24D9812000BD9586 /* Base */ = {isa = PBXFileReference; lastKnownFileType = file.storyboard; name = Base; path = Base.lproj/LaunchScreen.storyboard; sourceTree = "<group>"; };
		8FE6F3AC24D9812000BD9586 /* Info.plist */ = {isa = PBXFileReference; lastKnownFileType = text.plist.xml; path = Info.plist; sourceTree = "<group>"; };
		8FE6F3AD24D9812000BD9586 /* main.m */ = {isa = PBXFileReference; lastKnownFileType = sourcecode.c.objc; path = main.m; sourceTree = "<group>"; };
		8FE6F3D924D981A300BD9586 /* shaderv.glsl */ = {isa = PBXFileReference; lastKnownFileType = text.xml; path = shaderv.glsl; sourceTree = "<group>"; };
		8FE6F3DB24D981AF00BD9586 /* shaderf.glsl */ = {isa = PBXFileReference; lastKnownFileType = text.xml; path = shaderf.glsl; sourceTree = "<group>"; };
		8FE6F3DD24D981C900BD9586 /* GView.h */ = {isa = PBXFileReference; lastKnownFileType = sourcecode.c.h; path = GView.h; sourceTree = "<group>"; };
		8FE6F3DE24D981C900BD9586 /* GView.m */ = {isa = PBXFileReference; lastKnownFileType = sourcecode.c.objc; path = GView.m; sourceTree = "<group>"; };
		8FE6F3E124D9853000BD9586 /* GLESUtils.m */ = {isa = PBXFileReference; fileEncoding = 4; lastKnownFileType = sourcecode.c.objc; path = GLESUtils.m; sourceTree = "<group>"; };
		8FE6F3E224D9853000BD9586 /* Quaternion.h */ = {isa = PBXFileReference; fileEncoding = 4; lastKnownFileType = sourcecode.c.h; path = Quaternion.h; sourceTree = "<group>"; };
		8FE6F3E324D9853000BD9586 /* GLESMath.c */ = {isa = PBXFileReference; fileEncoding = 4; lastKnownFileType = sourcecode.c.c; path = GLESMath.c; sourceTree = "<group>"; };
		8FE6F3E424D9853000BD9586 /* GLESUtils.h */ = {isa = PBXFileReference; fileEncoding = 4; lastKnownFileType = sourcecode.c.h; path = GLESUtils.h; sourceTree = "<group>"; };
		8FE6F3E524D9853000BD9586 /* Vector.h */ = {isa = PBXFileReference; fileEncoding = 4; lastKnownFileType = sourcecode.c.h; path = Vector.h; sourceTree = "<group>"; };
		8FE6F3E624D9853000BD9586 /* GLESMath.h */ = {isa = PBXFileReference; fileEncoding = 4; lastKnownFileType = sourcecode.c.h; path = GLESMath.h; sourceTree = "<group>"; };
		8FE6F3F224D98FAD00BD9586 /* qinxiaoxian.jpg */ = {isa = PBXFileReference; lastKnownFileType = image.jpeg; path = qinxiaoxian.jpg; sourceTree = "<group>"; };
/* End PBXFileReference section */

/* Begin PBXFrameworksBuildPhase section */
		8FE6F39524D9811D00BD9586 /* Frameworks */ = {
			isa = PBXFrameworksBuildPhase;
			buildActionMask = 2147483647;
			files = (
			);
			runOnlyForDeploymentPostprocessing = 0;
		};
/* End PBXFrameworksBuildPhase section */

/* Begin PBXGroup section */
		8FE6F38F24D9811D00BD9586 = {
			isa = PBXGroup;
			children = (
				8FE6F39A24D9811D00BD9586 /* 06_GLSL_索引绘图_三角形变换+纹理与颜色混合 */,
				8FE6F39924D9811D00BD9586 /* Products */,
			);
			sourceTree = "<group>";
		};
		8FE6F39924D9811D00BD9586 /* Products */ = {
			isa = PBXGroup;
			children = (
				8FE6F39824D9811D00BD9586 /* 06_GLSL_索引绘图_三角形变换+纹理与颜色混合.app */,
			);
			name = Products;
			sourceTree = "<group>";
		};
		8FE6F39A24D9811D00BD9586 /* 06_GLSL_索引绘图_三角形变换+纹理与颜色混合 */ = {
			isa = PBXGroup;
			children = (
				8FE6F3E024D9853000BD9586 /* Utils */,
				8FE6F39B24D9811D00BD9586 /* AppDelegate.h */,
				8FE6F39C24D9811D00BD9586 /* AppDelegate.m */,
				8FE6F39E24D9811D00BD9586 /* SceneDelegate.h */,
				8FE6F39F24D9811D00BD9586 /* SceneDelegate.m */,
				8FE6F3A124D9811D00BD9586 /* ViewController.h */,
				8FE6F3A224D9811D00BD9586 /* ViewController.m */,
				8FE6F3DD24D981C900BD9586 /* GView.h */,
				8FE6F3DE24D981C900BD9586 /* GView.m */,
				8FE6F3F224D98FAD00BD9586 /* qinxiaoxian.jpg */,
				8FE6F3D924D981A300BD9586 /* shaderv.glsl */,
				8FE6F3DB24D981AF00BD9586 /* shaderf.glsl */,
				8FE6F3A424D9811D00BD9586 /* Main.storyboard */,
				8FE6F3A724D9812000BD9586 /* Assets.xcassets */,
				8FE6F3A924D9812000BD9586 /* LaunchScreen.storyboard */,
				8FE6F3AC24D9812000BD9586 /* Info.plist */,
				8FE6F3AD24D9812000BD9586 /* main.m */,
			);
			path = "06_GLSL_索引绘图_三角形变换+纹理与颜色混合";
			sourceTree = "<group>";
		};
		8FE6F3E024D9853000BD9586 /* Utils */ = {
			isa = PBXGroup;
			children = (
				8FE6F3E224D9853000BD9586 /* Quaternion.h */,
				8FE6F3E624D9853000BD9586 /* GLESMath.h */,
				8FE6F3E324D9853000BD9586 /* GLESMath.c */,
				8FE6F3E424D9853000BD9586 /* GLESUtils.h */,
				8FE6F3E124D9853000BD9586 /* GLESUtils.m */,
				8FE6F3E524D9853000BD9586 /* Vector.h */,
			);
			name = Utils;
			path = "../../05_GLSL_索引绘图_三角形变换/05_GLSL_索引绘图_三角形变换/Utils";
			sourceTree = "<group>";
		};
/* End PBXGroup section */

/* Begin PBXNativeTarget section */
		8FE6F39724D9811D00BD9586 /* 06_GLSL_索引绘图_三角形变换+纹理与颜色混合 */ = {
			isa = PBXNativeTarget;
			buildConfigurationList = 8FE6F3B124D9812000BD9586 /* Build configuration list for PBXNativeTarget "06_GLSL_索引绘图_三角形变换+纹理与颜色混合" */;
			buildPhases = (
				8FE6F39424D9811D00BD9586 /* Sources */,
				8FE6F39524D9811D00BD9586 /* Frameworks */,
				8FE6F39624D9811D00BD9586 /* Resources */,
			);
			buildRules = (
			);
			dependencies = (
			);
			name = "06_GLSL_索引绘图_三角形变换+纹理与颜色混合";
			productName = "06_GLSL_索引绘图_三角形变换+纹理与颜色混合";
			productReference = 8FE6F39824D9811D00BD9586 /* 06_GLSL_索引绘图_三角形变换+纹理与颜色混合.app */;
			productType = "com.apple.product-type.application";
		};
/* End PBXNativeTarget section */

/* Begin PBXProject section */
		8FE6F39024D9811D00BD9586 /* Project object */ = {
			isa = PBXProject;
			attributes = {
				LastUpgradeCheck = 1160;
				ORGANIZATIONNAME = "张喜千";
				TargetAttributes = {
					8FE6F39724D9811D00BD9586 = {
						CreatedOnToolsVersion = 11.6;
					};
				};
			};
			buildConfigurationList = 8FE6F39324D9811D00BD9586 /* Build configuration list for PBXProject "06_GLSL_索引绘图_三角形变换+纹理与颜色混合" */;
			compatibilityVersion = "Xcode 9.3";
			developmentRegion = en;
			hasScannedForEncodings = 0;
			knownRegions = (
				en,
				Base,
			);
			mainGroup = 8FE6F38F24D9811D00BD9586;
			productRefGroup = 8FE6F39924D9811D00BD9586 /* Products */;
			projectDirPath = "";
			projectRoot = "";
			targets = (
				8FE6F39724D9811D00BD9586 /* 06_GLSL_索引绘图_三角形变换+纹理与颜色混合 */,
			);
		};
/* End PBXProject section */

/* Begin PBXResourcesBuildPhase section */
		8FE6F39624D9811D00BD9586 /* Resources */ = {
			isa = PBXResourcesBuildPhase;
			buildActionMask = 2147483647;
			files = (
				8FE6F3AB24D9812000BD9586 /* LaunchScreen.storyboard in Resources */,
				8FE6F3F324D98FAD00BD9586 /* qinxiaoxian.jpg in Resources */,
				8FE6F3DA24D981A300BD9586 /* shaderv.glsl in Resources */,
				8FE6F3A824D9812000BD9586 /* Assets.xcassets in Resources */,
				8FE6F3A624D9811D00BD9586 /* Main.storyboard in Resources */,
				8FE6F3DC24D981AF00BD9586 /* shaderf.glsl in Resources */,
			);
			runOnlyForDeploymentPostprocessing = 0;
		};
/* End PBXResourcesBuildPhase section */

/* Begin PBXSourcesBuildPhase section */
		8FE6F39424D9811D00BD9586 /* Sources */ = {
			isa = PBXSourcesBuildPhase;
			buildActionMask = 2147483647;
			files = (
				8FE6F3A324D9811D00BD9586 /* ViewController.m in Sources */,
				8FE6F39D24D9811D00BD9586 /* AppDelegate.m in Sources */,
				8FE6F3E824D9853000BD9586 /* GLESMath.c in Sources */,
				8FE6F3AE24D9812000BD9586 /* main.m in Sources */,
				8FE6F3A024D9811D00BD9586 /* SceneDelegate.m in Sources */,
				8FE6F3E724D9853000BD9586 /* GLESUtils.m in Sources */,
				8FE6F3DF24D981C900BD9586 /* GView.m in Sources */,
			);
			runOnlyForDeploymentPostprocessing = 0;
		};
/* End PBXSourcesBuildPhase section */

/* Begin PBXVariantGroup section */
		8FE6F3A424D9811D00BD9586 /* Main.storyboard */ = {
			isa = PBXVariantGroup;
			children = (
				8FE6F3A524D9811D00BD9586 /* Base */,
			);
			name = Main.storyboard;
			sourceTree = "<group>";
		};
		8FE6F3A924D9812000BD9586 /* LaunchScreen.storyboard */ = {
			isa = PBXVariantGroup;
			children = (
				8FE6F3AA24D9812000BD9586 /* Base */,
			);
			name = LaunchScreen.storyboard;
			sourceTree = "<group>";
		};
/* End PBXVariantGroup section */

/* Begin XCBuildConfiguration section */
		8FE6F3AF24D9812000BD9586 /* Debug */ = {
			isa = XCBuildConfiguration;
			buildSettings = {
				ALWAYS_SEARCH_USER_PATHS = NO;
				CLANG_ANALYZER_NONNULL = YES;
				CLANG_ANALYZER_NUMBER_OBJECT_CONVERSION = YES_AGGRESSIVE;
				CLANG_CXX_LANGUAGE_STANDARD = "gnu++14";
				CLANG_CXX_LIBRARY = "libc++";
				CLANG_ENABLE_MODULES = YES;
				CLANG_ENABLE_OBJC_ARC = YES;
				CLANG_ENABLE_OBJC_WEAK = YES;
				CLANG_WARN_BLOCK_CAPTURE_AUTORELEASING = YES;
				CLANG_WARN_BOOL_CONVERSION = YES;
				CLANG_WARN_COMMA = YES;
				CLANG_WARN_CONSTANT_CONVERSION = YES;
				CLANG_WARN_DEPRECATED_OBJC_IMPLEMENTATIONS = YES;
				CLANG_WARN_DIRECT_OBJC_ISA_USAGE = YES_ERROR;
				CLANG_WARN_DOCUMENTATION_COMMENTS = YES;
				CLANG_WARN_EMPTY_BODY = YES;
				CLANG_WARN_ENUM_CONVERSION = YES;
				CLANG_WARN_INFINITE_RECURSION = YES;
				CLANG_WARN_INT_CONVERSION = YES;
				CLANG_WARN_NON_LITERAL_NULL_CONVERSION = YES;
				CLANG_WARN_OBJC_IMPLICIT_RETAIN_SELF = YES;
				CLANG_WARN_OBJC_LITERAL_CONVERSION = YES;
				CLANG_WARN_OBJC_ROOT_CLASS = YES_ERROR;
				CLANG_WARN_RANGE_LOOP_ANALYSIS = YES;
				CLANG_WARN_STRICT_PROTOTYPES = YES;
				CLANG_WARN_SUSPICIOUS_MOVE = YES;
				CLANG_WARN_UNGUARDED_AVAILABILITY = YES_AGGRESSIVE;
				CLANG_WARN_UNREACHABLE_CODE = YES;
				CLANG_WARN__DUPLICATE_METHOD_MATCH = YES;
				COPY_PHASE_STRIP = NO;
				DEBUG_INFORMATION_FORMAT = dwarf;
				ENABLE_STRICT_OBJC_MSGSEND = YES;
				ENABLE_TESTABILITY = YES;
				GCC_C_LANGUAGE_STANDARD = gnu11;
				GCC_DYNAMIC_NO_PIC = NO;
				GCC_NO_COMMON_BLOCKS = YES;
				GCC_OPTIMIZATION_LEVEL = 0;
				GCC_PREPROCESSOR_DEFINITIONS = (
					"DEBUG=1",
					"$(inherited)",
				);
				GCC_WARN_64_TO_32_BIT_CONVERSION = YES;
				GCC_WARN_ABOUT_RETURN_TYPE = YES_ERROR;
				GCC_WARN_UNDECLARED_SELECTOR = YES;
				GCC_WARN_UNINITIALIZED_AUTOS = YES_AGGRESSIVE;
				GCC_WARN_UNUSED_FUNCTION = YES;
				GCC_WARN_UNUSED_VARIABLE = YES;
				IPHONEOS_DEPLOYMENT_TARGET = 13.6;
				MTL_ENABLE_DEBUG_INFO = INCLUDE_SOURCE;
				MTL_FAST_MATH = YES;
				ONLY_ACTIVE_ARCH = YES;
				SDKROOT = iphoneos;
			};
			name = Debug;
		};
		8FE6F3B024D9812000BD9586 /* Release */ = {
			isa = XCBuildConfiguration;
			buildSettings = {
				ALWAYS_SEARCH_USER_PATHS = NO;
				CLANG_ANALYZER_NONNULL = YES;
				CLANG_ANALYZER_NUMBER_OBJECT_CONVERSION = YES_AGGRESSIVE;
				CLANG_CXX_LANGUAGE_STANDARD = "gnu++14";
				CLANG_CXX_LIBRARY = "libc++";
				CLANG_ENABLE_MODULES = YES;
				CLANG_ENABLE_OBJC_ARC = YES;
				CLANG_ENABLE_OBJC_WEAK = YES;
				CLANG_WARN_BLOCK_CAPTURE_AUTORELEASING = YES;
				CLANG_WARN_BOOL_CONVERSION = YES;
				CLANG_WARN_COMMA = YES;
				CLANG_WARN_CONSTANT_CONVERSION = YES;
				CLANG_WARN_DEPRECATED_OBJC_IMPLEMENTATIONS = YES;
				CLANG_WARN_DIRECT_OBJC_ISA_USAGE = YES_ERROR;
				CLANG_WARN_DOCUMENTATION_COMMENTS = YES;
				CLANG_WARN_EMPTY_BODY = YES;
				CLANG_WARN_ENUM_CONVERSION = YES;
				CLANG_WARN_INFINITE_RECURSION = YES;
				CLANG_WARN_INT_CONVERSION = YES;
				CLANG_WARN_NON_LITERAL_NULL_CONVERSION = YES;
				CLANG_WARN_OBJC_IMPLICIT_RETAIN_SELF = YES;
				CLANG_WARN_OBJC_LITERAL_CONVERSION = YES;
				CLANG_WARN_OBJC_ROOT_CLASS = YES_ERROR;
				CLANG_WARN_RANGE_LOOP_ANALYSIS = YES;
				CLANG_WARN_STRICT_PROTOTYPES = YES;
				CLANG_WARN_SUSPICIOUS_MOVE = YES;
				CLANG_WARN_UNGUARDED_AVAILABILITY = YES_AGGRESSIVE;
				CLANG_WARN_UNREACHABLE_CODE = YES;
				CLANG_WARN__DUPLICATE_METHOD_MATCH = YES;
				COPY_PHASE_STRIP = NO;
				DEBUG_INFORMATION_FORMAT = "dwarf-with-dsym";
				ENABLE_NS_ASSERTIONS = NO;
				ENABLE_STRICT_OBJC_MSGSEND = YES;
				GCC_C_LANGUAGE_STANDARD = gnu11;
				GCC_NO_COMMON_BLOCKS = YES;
				GCC_WARN_64_TO_32_BIT_CONVERSION = YES;
				GCC_WARN_ABOUT_RETURN_TYPE = YES_ERROR;
				GCC_WARN_UNDECLARED_SELECTOR = YES;
				GCC_WARN_UNINITIALIZED_AUTOS = YES_AGGRESSIVE;
				GCC_WARN_UNUSED_FUNCTION = YES;
				GCC_WARN_UNUSED_VARIABLE = YES;
				IPHONEOS_DEPLOYMENT_TARGET = 13.6;
				MTL_ENABLE_DEBUG_INFO = NO;
				MTL_FAST_MATH = YES;
				SDKROOT = iphoneos;
				VALIDATE_PRODUCT = YES;
			};
			name = Release;
		};
		8FE6F3B224D9812000BD9586 /* Debug */ = {
			isa = XCBuildConfiguration;
			buildSettings = {
				ASSETCATALOG_COMPILER_APPICON_NAME = AppIcon;
				CODE_SIGN_STYLE = Automatic;
				DEVELOPMENT_TEAM = Y947U2D5E3;
				INFOPLIST_FILE = "06_GLSL_索引绘图_三角形变换+纹理与颜色混合/Info.plist";
				LD_RUNPATH_SEARCH_PATHS = (
					"$(inherited)",
					"@executable_path/Frameworks",
				);
				PRODUCT_BUNDLE_IDENTIFIER = "whmnrc.-6-GLSL-------------------";
				PRODUCT_NAME = "$(TARGET_NAME)";
				TARGETED_DEVICE_FAMILY = "1,2";
			};
			name = Debug;
		};
		8FE6F3B324D9812000BD9586 /* Release */ = {
			isa = XCBuildConfiguration;
			buildSettings = {
				ASSETCATALOG_COMPILER_APPICON_NAME = AppIcon;
				CODE_SIGN_STYLE = Automatic;
				DEVELOPMENT_TEAM = Y947U2D5E3;
				INFOPLIST_FILE = "06_GLSL_索引绘图_三角形变换+纹理与颜色混合/Info.plist";
				LD_RUNPATH_SEARCH_PATHS = (
					"$(inherited)",
					"@executable_path/Frameworks",
				);
				PRODUCT_BUNDLE_IDENTIFIER = "whmnrc.-6-GLSL-------------------";
				PRODUCT_NAME = "$(TARGET_NAME)";
				TARGETED_DEVICE_FAMILY = "1,2";
			};
			name = Release;
		};
/* End XCBuildConfiguration section */

/* Begin XCConfigurationList section */
		8FE6F39324D9811D00BD9586 /* Build configuration list for PBXProject "06_GLSL_索引绘图_三角形变换+纹理与颜色混合" */ = {
			isa = XCConfigurationList;
			buildConfigurations = (
				8FE6F3AF24D9812000BD9586 /* Debug */,
				8FE6F3B024D9812000BD9586 /* Release */,
			);
			defaultConfigurationIsVisible = 0;
			defaultConfigurationName = Release;
		};
		8FE6F3B124D9812000BD9586 /* Build configuration list for PBXNativeTarget "06_GLSL_索引绘图_三角形变换+纹理与颜色混合" */ = {
			isa = XCConfigurationList;
			buildConfigurations = (
				8FE6F3B224D9812000BD9586 /* Debug */,
				8FE6F3B324D9812000BD9586 /* Release */,
			);
			defaultConfigurationIsVisible = 0;
			defaultConfigurationName = Release;
		};
/* End XCConfigurationList section */
	};
	rootObject = 8FE6F39024D9811D00BD9586 /* Project object */;
}
